// !$*UTF8*$!
{
	archiveVersion = 1;
	classes = {
	};
	objectVersion = 46;
	objects = {

/* Begin PBXBuildFile section */
		ED955476180AB448002B9CD5 /* Foundation.framework in Frameworks */ = {isa = PBXBuildFile; fileRef = ED955475180AB448002B9CD5 /* Foundation.framework */; };
		ED955478180AB448002B9CD5 /* CoreGraphics.framework in Frameworks */ = {isa = PBXBuildFile; fileRef = ED955477180AB448002B9CD5 /* CoreGraphics.framework */; };
		ED95547A180AB448002B9CD5 /* UIKit.framework in Frameworks */ = {isa = PBXBuildFile; fileRef = ED955479180AB448002B9CD5 /* UIKit.framework */; };
		ED955480180AB448002B9CD5 /* InfoPlist.strings in Resources */ = {isa = PBXBuildFile; fileRef = ED95547E180AB448002B9CD5 /* InfoPlist.strings */; };
		ED955482180AB448002B9CD5 /* main.m in Sources */ = {isa = PBXBuildFile; fileRef = ED955481180AB448002B9CD5 /* main.m */; };
		ED955486180AB448002B9CD5 /* AppDelegate.m in Sources */ = {isa = PBXBuildFile; fileRef = ED955485180AB448002B9CD5 /* AppDelegate.m */; };
		ED955489180AB448002B9CD5 /* Main.storyboard in Resources */ = {isa = PBXBuildFile; fileRef = ED955487180AB448002B9CD5 /* Main.storyboard */; };
		ED95548C180AB448002B9CD5 /* ViewController.m in Sources */ = {isa = PBXBuildFile; fileRef = ED95548B180AB448002B9CD5 /* ViewController.m */; };
		ED95548E180AB448002B9CD5 /* Images.xcassets in Resources */ = {isa = PBXBuildFile; fileRef = ED95548D180AB448002B9CD5 /* Images.xcassets */; };
		ED955495180AB448002B9CD5 /* XCTest.framework in Frameworks */ = {isa = PBXBuildFile; fileRef = ED955494180AB448002B9CD5 /* XCTest.framework */; };
		ED955496180AB448002B9CD5 /* Foundation.framework in Frameworks */ = {isa = PBXBuildFile; fileRef = ED955475180AB448002B9CD5 /* Foundation.framework */; };
		ED955497180AB448002B9CD5 /* UIKit.framework in Frameworks */ = {isa = PBXBuildFile; fileRef = ED955479180AB448002B9CD5 /* UIKit.framework */; };
		ED95549F180AB448002B9CD5 /* InfoPlist.strings in Resources */ = {isa = PBXBuildFile; fileRef = ED95549D180AB448002B9CD5 /* InfoPlist.strings */; };
		ED9554A1180AB448002B9CD5 /* MinimalUIImageLoadTests.m in Sources */ = {isa = PBXBuildFile; fileRef = ED9554A0180AB448002B9CD5 /* MinimalUIImageLoadTests.m */; };
/* End PBXBuildFile section */

/* Begin PBXContainerItemProxy section */
		ED955498180AB448002B9CD5 /* PBXContainerItemProxy */ = {
			isa = PBXContainerItemProxy;
			containerPortal = ED95546A180AB448002B9CD5 /* Project object */;
			proxyType = 1;
			remoteGlobalIDString = ED955471180AB448002B9CD5;
			remoteInfo = MinimalUIImageLoad;
		};
/* End PBXContainerItemProxy section */

/* Begin PBXFileReference section */
		ED955472180AB448002B9CD5 /* MinimalUIImageLoad.app */ = {isa = PBXFileReference; explicitFileType = wrapper.application; includeInIndex = 0; path = MinimalUIImageLoad.app; sourceTree = BUILT_PRODUCTS_DIR; };
		ED955475180AB448002B9CD5 /* Foundation.framework */ = {isa = PBXFileReference; lastKnownFileType = wrapper.framework; name = Foundation.framework; path = System/Library/Frameworks/Foundation.framework; sourceTree = SDKROOT; };
		ED955477180AB448002B9CD5 /* CoreGraphics.framework */ = {isa = PBXFileReference; lastKnownFileType = wrapper.framework; name = CoreGraphics.framework; path = System/Library/Frameworks/CoreGraphics.framework; sourceTree = SDKROOT; };
		ED955479180AB448002B9CD5 /* UIKit.framework */ = {isa = PBXFileReference; lastKnownFileType = wrapper.framework; name = UIKit.framework; path = System/Library/Frameworks/UIKit.framework; sourceTree = SDKROOT; };
		ED95547D180AB448002B9CD5 /* MinimalUIImageLoad-Info.plist */ = {isa = PBXFileReference; lastKnownFileType = text.plist.xml; path = "MinimalUIImageLoad-Info.plist"; sourceTree = "<group>"; };
		ED95547F180AB448002B9CD5 /* en */ = {isa = PBXFileReference; lastKnownFileType = text.plist.strings; name = en; path = en.lproj/InfoPlist.strings; sourceTree = "<group>"; };
		ED955481180AB448002B9CD5 /* main.m */ = {isa = PBXFileReference; lastKnownFileType = sourcecode.c.objc; path = main.m; sourceTree = "<group>"; };
		ED955483180AB448002B9CD5 /* MinimalUIImageLoad-Prefix.pch */ = {isa = PBXFileReference; lastKnownFileType = sourcecode.c.h; path = "MinimalUIImageLoad-Prefix.pch"; sourceTree = "<group>"; };
		ED955484180AB448002B9CD5 /* AppDelegate.h */ = {isa = PBXFileReference; lastKnownFileType = sourcecode.c.h; path = AppDelegate.h; sourceTree = "<group>"; };
		ED955485180AB448002B9CD5 /* AppDelegate.m */ = {isa = PBXFileReference; lastKnownFileType = sourcecode.c.objc; path = AppDelegate.m; sourceTree = "<group>"; };
		ED955488180AB448002B9CD5 /* Base */ = {isa = PBXFileReference; lastKnownFileType = file.storyboard; name = Base; path = Base.lproj/Main.storyboard; sourceTree = "<group>"; };
		ED95548A180AB448002B9CD5 /* ViewController.h */ = {isa = PBXFileReference; lastKnownFileType = sourcecode.c.h; path = ViewController.h; sourceTree = "<group>"; };
		ED95548B180AB448002B9CD5 /* ViewController.m */ = {isa = PBXFileReference; lastKnownFileType = sourcecode.c.objc; path = ViewController.m; sourceTree = "<group>"; };
		ED95548D180AB448002B9CD5 /* Images.xcassets */ = {isa = PBXFileReference; lastKnownFileType = folder.assetcatalog; path = Images.xcassets; sourceTree = "<group>"; };
		ED955493180AB448002B9CD5 /* MinimalUIImageLoadTests.xctest */ = {isa = PBXFileReference; explicitFileType = wrapper.cfbundle; includeInIndex = 0; path = MinimalUIImageLoadTests.xctest; sourceTree = BUILT_PRODUCTS_DIR; };
		ED955494180AB448002B9CD5 /* XCTest.framework */ = {isa = PBXFileReference; lastKnownFileType = wrapper.framework; name = XCTest.framework; path = Library/Frameworks/XCTest.framework; sourceTree = DEVELOPER_DIR; };
		ED95549C180AB448002B9CD5 /* MinimalUIImageLoadTests-Info.plist */ = {isa = PBXFileReference; lastKnownFileType = text.plist.xml; path = "MinimalUIImageLoadTests-Info.plist"; sourceTree = "<group>"; };
		ED95549E180AB448002B9CD5 /* en */ = {isa = PBXFileReference; lastKnownFileType = text.plist.strings; name = en; path = en.lproj/InfoPlist.strings; sourceTree = "<group>"; };
		ED9554A0180AB448002B9CD5 /* MinimalUIImageLoadTests.m */ = {isa = PBXFileReference; lastKnownFileType = sourcecode.c.objc; path = MinimalUIImageLoadTests.m; sourceTree = "<group>"; };
/* End PBXFileReference section */

/* Begin PBXFrameworksBuildPhase section */
		ED95546F180AB448002B9CD5 /* Frameworks */ = {
			isa = PBXFrameworksBuildPhase;
			buildActionMask = 2147483647;
			files = (
				ED955478180AB448002B9CD5 /* CoreGraphics.framework in Frameworks */,
				ED95547A180AB448002B9CD5 /* UIKit.framework in Frameworks */,
				ED955476180AB448002B9CD5 /* Foundation.framework in Frameworks */,
			);
			runOnlyForDeploymentPostprocessing = 0;
		};
		ED955490180AB448002B9CD5 /* Frameworks */ = {
			isa = PBXFrameworksBuildPhase;
			buildActionMask = 2147483647;
			files = (
				ED955495180AB448002B9CD5 /* XCTest.framework in Frameworks */,
				ED955497180AB448002B9CD5 /* UIKit.framework in Frameworks */,
				ED955496180AB448002B9CD5 /* Foundation.framework in Frameworks */,
			);
			runOnlyForDeploymentPostprocessing = 0;
		};
/* End PBXFrameworksBuildPhase section */

/* Begin PBXGroup section */
		ED955469180AB448002B9CD5 = {
			isa = PBXGroup;
			children = (
				ED95547B180AB448002B9CD5 /* MinimalUIImageLoad */,
				ED95549A180AB448002B9CD5 /* MinimalUIImageLoadTests */,
				ED955474180AB448002B9CD5 /* Frameworks */,
				ED955473180AB448002B9CD5 /* Products */,
			);
			sourceTree = "<group>";
		};
		ED955473180AB448002B9CD5 /* Products */ = {
			isa = PBXGroup;
			children = (
				ED955472180AB448002B9CD5 /* MinimalUIImageLoad.app */,
				ED955493180AB448002B9CD5 /* MinimalUIImageLoadTests.xctest */,
			);
			name = Products;
			sourceTree = "<group>";
		};
		ED955474180AB448002B9CD5 /* Frameworks */ = {
			isa = PBXGroup;
			children = (
				ED955475180AB448002B9CD5 /* Foundation.framework */,
				ED955477180AB448002B9CD5 /* CoreGraphics.framework */,
				ED955479180AB448002B9CD5 /* UIKit.framework */,
				ED955494180AB448002B9CD5 /* XCTest.framework */,
			);
			name = Frameworks;
			sourceTree = "<group>";
		};
		ED95547B180AB448002B9CD5 /* MinimalUIImageLoad */ = {
			isa = PBXGroup;
			children = (
				ED955484180AB448002B9CD5 /* AppDelegate.h */,
				ED955485180AB448002B9CD5 /* AppDelegate.m */,
				ED955487180AB448002B9CD5 /* Main.storyboard */,
				ED95548A180AB448002B9CD5 /* ViewController.h */,
				ED95548B180AB448002B9CD5 /* ViewController.m */,
				ED95548D180AB448002B9CD5 /* Images.xcassets */,
				ED95547C180AB448002B9CD5 /* Supporting Files */,
			);
			path = MinimalUIImageLoad;
			sourceTree = "<group>";
		};
		ED95547C180AB448002B9CD5 /* Supporting Files */ = {
			isa = PBXGroup;
			children = (
				ED95547D180AB448002B9CD5 /* MinimalUIImageLoad-Info.plist */,
				ED95547E180AB448002B9CD5 /* InfoPlist.strings */,
				ED955481180AB448002B9CD5 /* main.m */,
				ED955483180AB448002B9CD5 /* MinimalUIImageLoad-Prefix.pch */,
			);
			name = "Supporting Files";
			sourceTree = "<group>";
		};
		ED95549A180AB448002B9CD5 /* MinimalUIImageLoadTests */ = {
			isa = PBXGroup;
			children = (
				ED9554A0180AB448002B9CD5 /* MinimalUIImageLoadTests.m */,
				ED95549B180AB448002B9CD5 /* Supporting Files */,
			);
			path = MinimalUIImageLoadTests;
			sourceTree = "<group>";
		};
		ED95549B180AB448002B9CD5 /* Supporting Files */ = {
			isa = PBXGroup;
			children = (
				ED95549C180AB448002B9CD5 /* MinimalUIImageLoadTests-Info.plist */,
				ED95549D180AB448002B9CD5 /* InfoPlist.strings */,
			);
			name = "Supporting Files";
			sourceTree = "<group>";
		};
/* End PBXGroup section */

/* Begin PBXNativeTarget section */
		ED955471180AB448002B9CD5 /* MinimalUIImageLoad */ = {
			isa = PBXNativeTarget;
			buildConfigurationList = ED9554A4180AB448002B9CD5 /* Build configuration list for PBXNativeTarget "MinimalUIImageLoad" */;
			buildPhases = (
				ED95546E180AB448002B9CD5 /* Sources */,
				ED95546F180AB448002B9CD5 /* Frameworks */,
				ED955470180AB448002B9CD5 /* Resources */,
			);
			buildRules = (
			);
			dependencies = (
			);
			name = MinimalUIImageLoad;
			productName = MinimalUIImageLoad;
			productReference = ED955472180AB448002B9CD5 /* MinimalUIImageLoad.app */;
			productType = "com.apple.product-type.application";
		};
		ED955492180AB448002B9CD5 /* MinimalUIImageLoadTests */ = {
			isa = PBXNativeTarget;
			buildConfigurationList = ED9554A7180AB448002B9CD5 /* Build configuration list for PBXNativeTarget "MinimalUIImageLoadTests" */;
			buildPhases = (
				ED95548F180AB448002B9CD5 /* Sources */,
				ED955490180AB448002B9CD5 /* Frameworks */,
				ED955491180AB448002B9CD5 /* Resources */,
			);
			buildRules = (
			);
			dependencies = (
				ED955499180AB448002B9CD5 /* PBXTargetDependency */,
			);
			name = MinimalUIImageLoadTests;
			productName = MinimalUIImageLoadTests;
			productReference = ED955493180AB448002B9CD5 /* MinimalUIImageLoadTests.xctest */;
			productType = "com.apple.product-type.bundle.unit-test";
		};
/* End PBXNativeTarget section */

/* Begin PBXProject section */
		ED95546A180AB448002B9CD5 /* Project object */ = {
			isa = PBXProject;
			attributes = {
				LastUpgradeCheck = 0500;
				ORGANIZATIONNAME = Antoine;
				TargetAttributes = {
					ED955492180AB448002B9CD5 = {
						TestTargetID = ED955471180AB448002B9CD5;
					};
				};
			};
			buildConfigurationList = ED95546D180AB448002B9CD5 /* Build configuration list for PBXProject "MinimalUIImageLoad" */;
			compatibilityVersion = "Xcode 3.2";
			developmentRegion = English;
			hasScannedForEncodings = 0;
			knownRegions = (
				en,
				Base,
			);
			mainGroup = ED955469180AB448002B9CD5;
			productRefGroup = ED955473180AB448002B9CD5 /* Products */;
			projectDirPath = "";
			projectRoot = "";
			targets = (
				ED955471180AB448002B9CD5 /* MinimalUIImageLoad */,
				ED955492180AB448002B9CD5 /* MinimalUIImageLoadTests */,
			);
		};
/* End PBXProject section */

/* Begin PBXResourcesBuildPhase section */
		ED955470180AB448002B9CD5 /* Resources */ = {
			isa = PBXResourcesBuildPhase;
			buildActionMask = 2147483647;
			files = (
				ED95548E180AB448002B9CD5 /* Images.xcassets in Resources */,
				ED955480180AB448002B9CD5 /* InfoPlist.strings in Resources */,
				ED955489180AB448002B9CD5 /* Main.storyboard in Resources */,
			);
			runOnlyForDeploymentPostprocessing = 0;
		};
		ED955491180AB448002B9CD5 /* Resources */ = {
			isa = PBXResourcesBuildPhase;
			buildActionMask = 2147483647;
			files = (
				ED95549F180AB448002B9CD5 /* InfoPlist.strings in Resources */,
			);
			runOnlyForDeploymentPostprocessing = 0;
		};
/* End PBXResourcesBuildPhase section */

/* Begin PBXSourcesBuildPhase section */
		ED95546E180AB448002B9CD5 /* Sources */ = {
			isa = PBXSourcesBuildPhase;
			buildActionMask = 2147483647;
			files = (
				ED95548C180AB448002B9CD5 /* ViewController.m in Sources */,
				ED955486180AB448002B9CD5 /* AppDelegate.m in Sources */,
				ED955482180AB448002B9CD5 /* main.m in Sources */,
			);
			runOnlyForDeploymentPostprocessing = 0;
		};
		ED95548F180AB448002B9CD5 /* Sources */ = {
			isa = PBXSourcesBuildPhase;
			buildActionMask = 2147483647;
			files = (
				ED9554A1180AB448002B9CD5 /* MinimalUIImageLoadTests.m in Sources */,
			);
			runOnlyForDeploymentPostprocessing = 0;
		};
/* End PBXSourcesBuildPhase section */

/* Begin PBXTargetDependency section */
		ED955499180AB448002B9CD5 /* PBXTargetDependency */ = {
			isa = PBXTargetDependency;
			target = ED955471180AB448002B9CD5 /* MinimalUIImageLoad */;
			targetProxy = ED955498180AB448002B9CD5 /* PBXContainerItemProxy */;
		};
/* End PBXTargetDependency section */

/* Begin PBXVariantGroup section */
		ED95547E180AB448002B9CD5 /* InfoPlist.strings */ = {
			isa = PBXVariantGroup;
			children = (
				ED95547F180AB448002B9CD5 /* en */,
			);
			name = InfoPlist.strings;
			sourceTree = "<group>";
		};
		ED955487180AB448002B9CD5 /* Main.storyboard */ = {
			isa = PBXVariantGroup;
			children = (
				ED955488180AB448002B9CD5 /* Base */,
			);
			name = Main.storyboard;
			sourceTree = "<group>";
		};
		ED95549D180AB448002B9CD5 /* InfoPlist.strings */ = {
			isa = PBXVariantGroup;
			children = (
				ED95549E180AB448002B9CD5 /* en */,
			);
			name = InfoPlist.strings;
			sourceTree = "<group>";
		};
/* End PBXVariantGroup section */

/* Begin XCBuildConfiguration section */
		ED9554A2180AB448002B9CD5 /* Debug */ = {
			isa = XCBuildConfiguration;
			buildSettings = {
				ALWAYS_SEARCH_USER_PATHS = NO;
				ARCHS = "$(ARCHS_STANDARD_INCLUDING_64_BIT)";
				CLANG_CXX_LANGUAGE_STANDARD = "gnu++0x";
				CLANG_CXX_LIBRARY = "libc++";
				CLANG_ENABLE_MODULES = YES;
				CLANG_ENABLE_OBJC_ARC = YES;
				CLANG_WARN_BOOL_CONVERSION = YES;
				CLANG_WARN_CONSTANT_CONVERSION = YES;
				CLANG_WARN_DIRECT_OBJC_ISA_USAGE = YES_ERROR;
				CLANG_WARN_EMPTY_BODY = YES;
				CLANG_WARN_ENUM_CONVERSION = YES;
				CLANG_WARN_INT_CONVERSION = YES;
				CLANG_WARN_OBJC_ROOT_CLASS = YES_ERROR;
				CLANG_WARN__DUPLICATE_METHOD_MATCH = YES;
				"CODE_SIGN_IDENTITY[sdk=iphoneos*]" = "iPhone Developer";
				COPY_PHASE_STRIP = NO;
				GCC_C_LANGUAGE_STANDARD = gnu99;
				GCC_DYNAMIC_NO_PIC = NO;
				GCC_OPTIMIZATION_LEVEL = 0;
				GCC_PREPROCESSOR_DEFINITIONS = (
					"DEBUG=1",
					"$(inherited)",
				);
				GCC_SYMBOLS_PRIVATE_EXTERN = NO;
				GCC_WARN_64_TO_32_BIT_CONVERSION = YES;
				GCC_WARN_ABOUT_RETURN_TYPE = YES_ERROR;
				GCC_WARN_UNDECLARED_SELECTOR = YES;
				GCC_WARN_UNINITIALIZED_AUTOS = YES;
				GCC_WARN_UNUSED_FUNCTION = YES;
				GCC_WARN_UNUSED_VARIABLE = YES;
				IPHONEOS_DEPLOYMENT_TARGET = 7.0;
				ONLY_ACTIVE_ARCH = YES;
				SDKROOT = iphoneos;
				TARGETED_DEVICE_FAMILY = 2;
			};
			name = Debug;
		};
		ED9554A3180AB448002B9CD5 /* Release */ = {
			isa = XCBuildConfiguration;
			buildSettings = {
				ALWAYS_SEARCH_USER_PATHS = NO;
				ARCHS = "$(ARCHS_STANDARD_INCLUDING_64_BIT)";
				CLANG_CXX_LANGUAGE_STANDARD = "gnu++0x";
				CLANG_CXX_LIBRARY = "libc++";
				CLANG_ENABLE_MODULES = YES;
				CLANG_ENABLE_OBJC_ARC = YES;
				CLANG_WARN_BOOL_CONVERSION = YES;
				CLANG_WARN_CONSTANT_CONVERSION = YES;
				CLANG_WARN_DIRECT_OBJC_ISA_USAGE = YES_ERROR;
				CLANG_WARN_EMPTY_BODY = YES;
				CLANG_WARN_ENUM_CONVERSION = YES;
				CLANG_WARN_INT_CONVERSION = YES;
				CLANG_WARN_OBJC_ROOT_CLASS = YES_ERROR;
				CLANG_WARN__DUPLICATE_METHOD_MATCH = YES;
				"CODE_SIGN_IDENTITY[sdk=iphoneos*]" = "iPhone Developer";
				COPY_PHASE_STRIP = YES;
				ENABLE_NS_ASSERTIONS = NO;
				GCC_C_LANGUAGE_STANDARD = gnu99;
				GCC_WARN_64_TO_32_BIT_CONVERSION = YES;
				GCC_WARN_ABOUT_RETURN_TYPE = YES_ERROR;
				GCC_WARN_UNDECLARED_SELECTOR = YES;
				GCC_WARN_UNINITIALIZED_AUTOS = YES;
				GCC_WARN_UNUSED_FUNCTION = YES;
				GCC_WARN_UNUSED_VARIABLE = YES;
				IPHONEOS_DEPLOYMENT_TARGET = 7.0;
				SDKROOT = iphoneos;
				TARGETED_DEVICE_FAMILY = 2;
				VALIDATE_PRODUCT = YES;
			};
			name = Release;
		};
		ED9554A5180AB448002B9CD5 /* Debug */ = {
			isa = XCBuildConfiguration;
			buildSettings = {
				ASSETCATALOG_COMPILER_APPICON_NAME = AppIcon;
				ASSETCATALOG_COMPILER_LAUNCHIMAGE_NAME = LaunchImage;
				GCC_PRECOMPILE_PREFIX_HEADER = YES;
				GCC_PREFIX_HEADER = "MinimalUIImageLoad/MinimalUIImageLoad-Prefix.pch";
				INFOPLIST_FILE = "MinimalUIImageLoad/MinimalUIImageLoad-Info.plist";
				PRODUCT_NAME = "$(TARGET_NAME)";
				WRAPPER_EXTENSION = app;
			};
			name = Debug;
		};
		ED9554A6180AB448002B9CD5 /* Release */ = {
			isa = XCBuildConfiguration;
			buildSettings = {
				ASSETCATALOG_COMPILER_APPICON_NAME = AppIcon;
				ASSETCATALOG_COMPILER_LAUNCHIMAGE_NAME = LaunchImage;
				GCC_PRECOMPILE_PREFIX_HEADER = YES;
				GCC_PREFIX_HEADER = "MinimalUIImageLoad/MinimalUIImageLoad-Prefix.pch";
				INFOPLIST_FILE = "MinimalUIImageLoad/MinimalUIImageLoad-Info.plist";
				PRODUCT_NAME = "$(TARGET_NAME)";
				WRAPPER_EXTENSION = app;
			};
			name = Release;
		};
		ED9554A8180AB448002B9CD5 /* Debug */ = {
			isa = XCBuildConfiguration;
			buildSettings = {
				ARCHS = "$(ARCHS_STANDARD_INCLUDING_64_BIT)";
				BUNDLE_LOADER = "$(BUILT_PRODUCTS_DIR)/MinimalUIImageLoad.app/MinimalUIImageLoad";
				FRAMEWORK_SEARCH_PATHS = (
					"$(SDKROOT)/Developer/Library/Frameworks",
					"$(inherited)",
					"$(DEVELOPER_FRAMEWORKS_DIR)",
				);
				GCC_PRECOMPILE_PREFIX_HEADER = YES;
				GCC_PREFIX_HEADER = "MinimalUIImageLoad/MinimalUIImageLoad-Prefix.pch";
				GCC_PREPROCESSOR_DEFINITIONS = (
					"DEBUG=1",
					"$(inherited)",
				);
				INFOPLIST_FILE = "MinimalUIImageLoadTests/MinimalUIImageLoadTests-Info.plist";
				PRODUCT_NAME = "$(TARGET_NAME)";
				TEST_HOST = "$(BUNDLE_LOADER)";
				WRAPPER_EXTENSION = xctest;
			};
			name = Debug;
		};
		ED9554A9180AB448002B9CD5 /* Release */ = {
			isa = XCBuildConfiguration;
			buildSettings = {
				ARCHS = "$(ARCHS_STANDARD_INCLUDING_64_BIT)";
				BUNDLE_LOADER = "$(BUILT_PRODUCTS_DIR)/MinimalUIImageLoad.app/MinimalUIImageLoad";
				FRAMEWORK_SEARCH_PATHS = (
					"$(SDKROOT)/Developer/Library/Frameworks",
					"$(inherited)",
					"$(DEVELOPER_FRAMEWORKS_DIR)",
				);
				GCC_PRECOMPILE_PREFIX_HEADER = YES;
				GCC_PREFIX_HEADER = "MinimalUIImageLoad/MinimalUIImageLoad-Prefix.pch";
				INFOPLIST_FILE = "MinimalUIImageLoadTests/MinimalUIImageLoadTests-Info.plist";
				PRODUCT_NAME = "$(TARGET_NAME)";
				TEST_HOST = "$(BUNDLE_LOADER)";
				WRAPPER_EXTENSION = xctest;
			};
			name = Release;
		};
/* End XCBuildConfiguration section */

/* Begin XCConfigurationList section */
		ED95546D180AB448002B9CD5 /* Build configuration list for PBXProject "MinimalUIImageLoad" */ = {
			isa = XCConfigurationList;
			buildConfigurations = (
				ED9554A2180AB448002B9CD5 /* Debug */,
				ED9554A3180AB448002B9CD5 /* Release */,
			);
			defaultConfigurationIsVisible = 0;
			defaultConfigurationName = Release;
		};
		ED9554A4180AB448002B9CD5 /* Build configuration list for PBXNativeTarget "MinimalUIImageLoad" */ = {
			isa = XCConfigurationList;
			buildConfigurations = (
				ED9554A5180AB448002B9CD5 /* Debug */,
				ED9554A6180AB448002B9CD5 /* Release */,
			);
			defaultConfigurationIsVisible = 0;
		};
		ED9554A7180AB448002B9CD5 /* Build configuration list for PBXNativeTarget "MinimalUIImageLoadTests" */ = {
			isa = XCConfigurationList;
			buildConfigurations = (
				ED9554A8180AB448002B9CD5 /* Debug */,
				ED9554A9180AB448002B9CD5 /* Release */,
			);
			defaultConfigurationIsVisible = 0;
		};
/* End XCConfigurationList section */
	};
	rootObject = ED95546A180AB448002B9CD5 /* Project object */;
}
